
Microsoft Visual Studio Solution File, Format Version 12.00
# Visual Studio Version 16
VisualStudioVersion = 16.0.30503.244
MinimumVisualStudioVersion = 10.0.40219.1
Project("{9A19103F-16F7-4668-BE54-9A1E7A4F7556}") = "SobelEdgeDetection", "SobelEdgeDetection\SobelEdgeDetection.csproj", "{EDAEDDF5-D55D-4195-AA8C-41799C03E831}"
EndProject
Global
	GlobalSection(SolutionConfigurationPlatforms) = preSolution
		Debug|Any CPU = Debug|Any CPU
		Release|Any CPU = Release|Any CPU
	EndGlobalSection
	GlobalSection(ProjectConfigurationPlatforms) = postSolution
		{EDAEDDF5-D55D-4195-AA8C-41799C03E831}.Debug|Any CPU.ActiveCfg = Debug|Any CPU
		{EDAEDDF5-D55D-4195-AA8C-41799C03E831}.Debug|Any CPU.Build.0 = Debug|Any CPU
		{EDAEDDF5-D55D-4195-AA8C-41799C03E831}.Release|Any CPU.ActiveCfg = Release|Any CPU
		{EDAEDDF5-D55D-4195-AA8C-41799C03E831}.Release|Any CPU.Build.0 = Release|Any CPU
	EndGlobalSection
	GlobalSection(SolutionProperties) = preSolution
		HideSolutionNode = FALSE
	EndGlobalSection
	GlobalSection(ExtensibilityGlobals) = postSolution
		SolutionGuid = {E54EE2E3-161E-4FDB-9D4A-E51243A894C5}
	EndGlobalSection
EndGlobal
